
Microsoft Visual Studio Solution File, Format Version 12.00
# Visual Studio Version 16
VisualStudioVersion = 16.0.30413.136
MinimumVisualStudioVersion = 10.0.40219.1
Project("{9A19103F-16F7-4668-BE54-9A1E7A4F7556}") = "Diplom", "Diplom\Diplom.csproj", "{DC4462CD-C382-466D-96FF-D1DB131D44F0}"
EndProject
Global
	GlobalSection(SolutionConfigurationPlatforms) = preSolution
		Debug|Any CPU = Debug|Any CPU
		Release|Any CPU = Release|Any CPU
	EndGlobalSection
	GlobalSection(ProjectConfigurationPlatforms) = postSolution
		{DC4462CD-C382-466D-96FF-D1DB131D44F0}.Debug|Any CPU.ActiveCfg = Debug|Any CPU
		{DC4462CD-C382-466D-96FF-D1DB131D44F0}.Debug|Any CPU.Build.0 = Debug|Any CPU
		{DC4462CD-C382-466D-96FF-D1DB131D44F0}.Release|Any CPU.ActiveCfg = Release|Any CPU
		{DC4462CD-C382-466D-96FF-D1DB131D44F0}.Release|Any CPU.Build.0 = Release|Any CPU
	EndGlobalSection
	GlobalSection(SolutionProperties) = preSolution
		HideSolutionNode = FALSE
	EndGlobalSection
	GlobalSection(ExtensibilityGlobals) = postSolution
		SolutionGuid = {E6DF68B1-6262-46BE-96E3-8C4D6504AF30}
	EndGlobalSection
EndGlobal
